// !$*UTF8*$!
{
	archiveVersion = 1;
	classes = {
	};
	objectVersion = 77;
	objects = {

/* Begin PBXContainerItemProxy section */
		6AF84F742EC1C1C8005C2A82 /* PBXContainerItemProxy */ = {
			isa = PBXContainerItemProxy;
			containerPortal = 6AF84F5E2EC1C1C6005C2A82 /* Project object */;
			proxyType = 1;
			remoteGlobalIDString = 6AF84F652EC1C1C6005C2A82;
			remoteInfo = "health-stack";
		};
		6AF84F7E2EC1C1C8005C2A82 /* PBXContainerItemProxy */ = {
			isa = PBXContainerItemProxy;
			containerPortal = 6AF84F5E2EC1C1C6005C2A82 /* Project object */;
			proxyType = 1;
			remoteGlobalIDString = 6AF84F652EC1C1C6005C2A82;
			remoteInfo = "health-stack";
		};
/* End PBXContainerItemProxy section */

/* Begin PBXFileReference section */
		6AF84F662EC1C1C6005C2A82 /* health-stack.app */ = {isa = PBXFileReference; explicitFileType = wrapper.application; includeInIndex = 0; path = "health-stack.app"; sourceTree = BUILT_PRODUCTS_DIR; };
		6AF84F732EC1C1C8005C2A82 /* health-stackTests.xctest */ = {isa = PBXFileReference; explicitFileType = wrapper.cfbundle; includeInIndex = 0; path = "health-stackTests.xctest"; sourceTree = BUILT_PRODUCTS_DIR; };
		6AF84F7D2EC1C1C8005C2A82 /* health-stackUITests.xctest */ = {isa = PBXFileReference; explicitFileType = wrapper.cfbundle; includeInIndex = 0; path = "health-stackUITests.xctest"; sourceTree = BUILT_PRODUCTS_DIR; };
/* End PBXFileReference section */

/* Begin PBXFileSystemSynchronizedBuildFileExceptionSet section */
		6AF851382EC30CDD005C2A82 /* Exceptions for "health-stack" folder in "health-stack" target */ = {
			isa = PBXFileSystemSynchronizedBuildFileExceptionSet;
			membershipExceptions = (
				Info.plist,
			);
			target = 6AF84F652EC1C1C6005C2A82 /* health-stack */;
		};
/* End PBXFileSystemSynchronizedBuildFileExceptionSet section */

/* Begin PBXFileSystemSynchronizedRootGroup section */
		6AF84F682EC1C1C6005C2A82 /* health-stack */ = {
			isa = PBXFileSystemSynchronizedRootGroup;
			exceptions = (
				6AF851382EC30CDD005C2A82 /* Exceptions for "health-stack" folder in "health-stack" target */,
			);
			path = "health-stack";
			sourceTree = "<group>";
		};
		6AF84F762EC1C1C8005C2A82 /* health-stackTests */ = {
			isa = PBXFileSystemSynchronizedRootGroup;
			path = "health-stackTests";
			sourceTree = "<group>";
		};
		6AF84F802EC1C1C8005C2A82 /* health-stackUITests */ = {
			isa = PBXFileSystemSynchronizedRootGroup;
			path = "health-stackUITests";
			sourceTree = "<group>";
		};
/* End PBXFileSystemSynchronizedRootGroup section */

/* Begin PBXFrameworksBuildPhase section */
		6AF84F632EC1C1C6005C2A82 /* Frameworks */ = {
			isa = PBXFrameworksBuildPhase;
			buildActionMask = 2147483647;
			files = (
			);
			runOnlyForDeploymentPostprocessing = 0;
		};
		6AF84F702EC1C1C8005C2A82 /* Frameworks */ = {
			isa = PBXFrameworksBuildPhase;
			buildActionMask = 2147483647;
			files = (
			);
			runOnlyForDeploymentPostprocessing = 0;
		};
		6AF84F7A2EC1C1C8005C2A82 /* Frameworks */ = {
			isa = PBXFrameworksBuildPhase;
			buildActionMask = 2147483647;
			files = (
			);
			runOnlyForDeploymentPostprocessing = 0;
		};
/* End PBXFrameworksBuildPhase section */

/* Begin PBXGroup section */
		6AF84F5D2EC1C1C6005C2A82 = {
			isa = PBXGroup;
			children = (
				6AF84F682EC1C1C6005C2A82 /* health-stack */,
				6AF84F762EC1C1C8005C2A82 /* health-stackTests */,
				6AF84F802EC1C1C8005C2A82 /* health-stackUITests */,
				6AF84F672EC1C1C6005C2A82 /* Products */,
			);
			sourceTree = "<group>";
		};
		6AF84F672EC1C1C6005C2A82 /* Products */ = {
			isa = PBXGroup;
			children = (
				6AF84F662EC1C1C6005C2A82 /* health-stack.app */,
				6AF84F732EC1C1C8005C2A82 /* health-stackTests.xctest */,
				6AF84F7D2EC1C1C8005C2A82 /* health-stackUITests.xctest */,
			);
			name = Products;
			sourceTree = "<group>";
		};
/* End PBXGroup section */

/* Begin PBXNativeTarget section */
		6AF84F652EC1C1C6005C2A82 /* health-stack */ = {
			isa = PBXNativeTarget;
			buildConfigurationList = 6AF84F872EC1C1C8005C2A82 /* Build configuration list for PBXNativeTarget "health-stack" */;
			buildPhases = (
				6AF84F622EC1C1C6005C2A82 /* Sources */,
				6AF84F632EC1C1C6005C2A82 /* Frameworks */,
				6AF84F642EC1C1C6005C2A82 /* Resources */,
			);
			buildRules = (
			);
			dependencies = (
			);
			fileSystemSynchronizedGroups = (
				6AF84F682EC1C1C6005C2A82 /* health-stack */,
			);
			name = "health-stack";
			packageProductDependencies = (
			);
			productName = "health-stack";
			productReference = 6AF84F662EC1C1C6005C2A82 /* health-stack.app */;
			productType = "com.apple.product-type.application";
		};
		6AF84F722EC1C1C8005C2A82 /* health-stackTests */ = {
			isa = PBXNativeTarget;
			buildConfigurationList = 6AF84F8A2EC1C1C8005C2A82 /* Build configuration list for PBXNativeTarget "health-stackTests" */;
			buildPhases = (
				6AF84F6F2EC1C1C8005C2A82 /* Sources */,
				6AF84F702EC1C1C8005C2A82 /* Frameworks */,
				6AF84F712EC1C1C8005C2A82 /* Resources */,
			);
			buildRules = (
			);
			dependencies = (
				6AF84F752EC1C1C8005C2A82 /* PBXTargetDependency */,
			);
			fileSystemSynchronizedGroups = (
				6AF84F762EC1C1C8005C2A82 /* health-stackTests */,
			);
			name = "health-stackTests";
			packageProductDependencies = (
			);
			productName = "health-stackTests";
			productReference = 6AF84F732EC1C1C8005C2A82 /* health-stackTests.xctest */;
			productType = "com.apple.product-type.bundle.unit-test";
		};
		6AF84F7C2EC1C1C8005C2A82 /* health-stackUITests */ = {
			isa = PBXNativeTarget;
			buildConfigurationList = 6AF84F8D2EC1C1C8005C2A82 /* Build configuration list for PBXNativeTarget "health-stackUITests" */;
			buildPhases = (
				6AF84F792EC1C1C8005C2A82 /* Sources */,
				6AF84F7A2EC1C1C8005C2A82 /* Frameworks */,
				6AF84F7B2EC1C1C8005C2A82 /* Resources */,
			);
			buildRules = (
			);
			dependencies = (
				6AF84F7F2EC1C1C8005C2A82 /* PBXTargetDependency */,
			);
			fileSystemSynchronizedGroups = (
				6AF84F802EC1C1C8005C2A82 /* health-stackUITests */,
			);
			name = "health-stackUITests";
			packageProductDependencies = (
			);
			productName = "health-stackUITests";
			productReference = 6AF84F7D2EC1C1C8005C2A82 /* health-stackUITests.xctest */;
			productType = "com.apple.product-type.bundle.ui-testing";
		};
/* End PBXNativeTarget section */

/* Begin PBXProject section */
		6AF84F5E2EC1C1C6005C2A82 /* Project object */ = {
			isa = PBXProject;
			attributes = {
				BuildIndependentTargetsInParallel = 1;
				LastSwiftUpdateCheck = 2610;
				LastUpgradeCheck = 2610;
				TargetAttributes = {
					6AF84F652EC1C1C6005C2A82 = {
						CreatedOnToolsVersion = 26.1;
					};
					6AF84F722EC1C1C8005C2A82 = {
						CreatedOnToolsVersion = 26.1;
						TestTargetID = 6AF84F652EC1C1C6005C2A82;
					};
					6AF84F7C2EC1C1C8005C2A82 = {
						CreatedOnToolsVersion = 26.1;
						TestTargetID = 6AF84F652EC1C1C6005C2A82;
					};
				};
			};
			buildConfigurationList = 6AF84F612EC1C1C6005C2A82 /* Build configuration list for PBXProject "health-stack" */;
			developmentRegion = en;
			hasScannedForEncodings = 0;
			knownRegions = (
				en,
				Base,
			);
			mainGroup = 6AF84F5D2EC1C1C6005C2A82;
			minimizedProjectReferenceProxies = 1;
			preferredProjectObjectVersion = 77;
			productRefGroup = 6AF84F672EC1C1C6005C2A82 /* Products */;
			projectDirPath = "";
			projectRoot = "";
			targets = (
				6AF84F652EC1C1C6005C2A82 /* health-stack */,
				6AF84F722EC1C1C8005C2A82 /* health-stackTests */,
				6AF84F7C2EC1C1C8005C2A82 /* health-stackUITests */,
			);
		};
/* End PBXProject section */

/* Begin PBXResourcesBuildPhase section */
		6AF84F642EC1C1C6005C2A82 /* Resources */ = {
			isa = PBXResourcesBuildPhase;
			buildActionMask = 2147483647;
			files = (
			);
			runOnlyForDeploymentPostprocessing = 0;
		};
		6AF84F712EC1C1C8005C2A82 /* Resources */ = {
			isa = PBXResourcesBuildPhase;
			buildActionMask = 2147483647;
			files = (
			);
			runOnlyForDeploymentPostprocessing = 0;
		};
		6AF84F7B2EC1C1C8005C2A82 /* Resources */ = {
			isa = PBXResourcesBuildPhase;
			buildActionMask = 2147483647;
			files = (
			);
			runOnlyForDeploymentPostprocessing = 0;
		};
/* End PBXResourcesBuildPhase section */

/* Begin PBXSourcesBuildPhase section */
		6AF84F622EC1C1C6005C2A82 /* Sources */ = {
			isa = PBXSourcesBuildPhase;
			buildActionMask = 2147483647;
			files = (
			);
			runOnlyForDeploymentPostprocessing = 0;
		};
		6AF84F6F2EC1C1C8005C2A82 /* Sources */ = {
			isa = PBXSourcesBuildPhase;
			buildActionMask = 2147483647;
			files = (
			);
			runOnlyForDeploymentPostprocessing = 0;
		};
		6AF84F792EC1C1C8005C2A82 /* Sources */ = {
			isa = PBXSourcesBuildPhase;
			buildActionMask = 2147483647;
			files = (
			);
			runOnlyForDeploymentPostprocessing = 0;
		};
/* End PBXSourcesBuildPhase section */

/* Begin PBXTargetDependency section */
		6AF84F752EC1C1C8005C2A82 /* PBXTargetDependency */ = {
			isa = PBXTargetDependency;
			target = 6AF84F652EC1C1C6005C2A82 /* health-stack */;
			targetProxy = 6AF84F742EC1C1C8005C2A82 /* PBXContainerItemProxy */;
		};
		6AF84F7F2EC1C1C8005C2A82 /* PBXTargetDependency */ = {
			isa = PBXTargetDependency;
			target = 6AF84F652EC1C1C6005C2A82 /* health-stack */;
			targetProxy = 6AF84F7E2EC1C1C8005C2A82 /* PBXContainerItemProxy */;
		};
/* End PBXTargetDependency section */

/* Begin XCBuildConfiguration section */
		6AF84F852EC1C1C8005C2A82 /* Debug */ = {
			isa = XCBuildConfiguration;
			buildSettings = {
				ALWAYS_SEARCH_USER_PATHS = NO;
				ASSETCATALOG_COMPILER_GENERATE_SWIFT_ASSET_SYMBOL_EXTENSIONS = YES;
				CLANG_ANALYZER_NONNULL = YES;
				CLANG_ANALYZER_NUMBER_OBJECT_CONVERSION = YES_AGGRESSIVE;
				CLANG_CXX_LANGUAGE_STANDARD = "gnu++20";
				CLANG_ENABLE_MODULES = YES;
				CLANG_ENABLE_OBJC_ARC = YES;
				CLANG_ENABLE_OBJC_WEAK = YES;
				CLANG_WARN_BLOCK_CAPTURE_AUTORELEASING = YES;
				CLANG_WARN_BOOL_CONVERSION = YES;
				CLANG_WARN_COMMA = YES;
				CLANG_WARN_CONSTANT_CONVERSION = YES;
				CLANG_WARN_DEPRECATED_OBJC_IMPLEMENTATIONS = YES;
				CLANG_WARN_DIRECT_OBJC_ISA_USAGE = YES_ERROR;
				CLANG_WARN_DOCUMENTATION_COMMENTS = YES;
				CLANG_WARN_EMPTY_BODY = YES;
				CLANG_WARN_ENUM_CONVERSION = YES;
				CLANG_WARN_INFINITE_RECURSION = YES;
				CLANG_WARN_INT_CONVERSION = YES;
				CLANG_WARN_NON_LITERAL_NULL_CONVERSION = YES;
				CLANG_WARN_OBJC_IMPLICIT_RETAIN_SELF = YES;
				CLANG_WARN_OBJC_LITERAL_CONVERSION = YES;
				CLANG_WARN_OBJC_ROOT_CLASS = YES_ERROR;
				CLANG_WARN_QUOTED_INCLUDE_IN_FRAMEWORK_HEADER = YES;
				CLANG_WARN_RANGE_LOOP_ANALYSIS = YES;
				CLANG_WARN_STRICT_PROTOTYPES = YES;
				CLANG_WARN_SUSPICIOUS_MOVE = YES;
				CLANG_WARN_UNGUARDED_AVAILABILITY = YES_AGGRESSIVE;
				CLANG_WARN_UNREACHABLE_CODE = YES;
				CLANG_WARN__DUPLICATE_METHOD_MATCH = YES;
				COPY_PHASE_STRIP = NO;
				DEBUG_INFORMATION_FORMAT = dwarf;
				DEVELOPMENT_TEAM = 3VX4227D6V;
				ENABLE_STRICT_OBJC_MSGSEND = YES;
				ENABLE_TESTABILITY = YES;
				ENABLE_USER_SCRIPT_SANDBOXING = YES;
				GCC_C_LANGUAGE_STANDARD = gnu17;
				GCC_DYNAMIC_NO_PIC = NO;
				GCC_NO_COMMON_BLOCKS = YES;
				GCC_OPTIMIZATION_LEVEL = 0;
				GCC_PREPROCESSOR_DEFINITIONS = (
					"DEBUG=1",
					"$(inherited)",
				);
				GCC_WARN_64_TO_32_BIT_CONVERSION = YES;
				GCC_WARN_ABOUT_RETURN_TYPE = YES_ERROR;
				GCC_WARN_UNDECLARED_SELECTOR = YES;
				GCC_WARN_UNINITIALIZED_AUTOS = YES_AGGRESSIVE;
				GCC_WARN_UNUSED_FUNCTION = YES;
				GCC_WARN_UNUSED_VARIABLE = YES;
				IPHONEOS_DEPLOYMENT_TARGET = 16.0;
				LOCALIZATION_PREFERS_STRING_CATALOGS = YES;
				MTL_ENABLE_DEBUG_INFO = INCLUDE_SOURCE;
				MTL_FAST_MATH = YES;
				ONLY_ACTIVE_ARCH = YES;
				SDKROOT = iphoneos;
				SWIFT_ACTIVE_COMPILATION_CONDITIONS = "DEBUG $(inherited)";
				SWIFT_OPTIMIZATION_LEVEL = "-Onone";
			};
			name = Debug;
		};
		6AF84F862EC1C1C8005C2A82 /* Release */ = {
			isa = XCBuildConfiguration;
			buildSettings = {
				ALWAYS_SEARCH_USER_PATHS = NO;
				ASSETCATALOG_COMPILER_GENERATE_SWIFT_ASSET_SYMBOL_EXTENSIONS = YES;
				CLANG_ANALYZER_NONNULL = YES;
				CLANG_ANALYZER_NUMBER_OBJECT_CONVERSION = YES_AGGRESSIVE;
				CLANG_CXX_LANGUAGE_STANDARD = "gnu++20";
				CLANG_ENABLE_MODULES = YES;
				CLANG_ENABLE_OBJC_ARC = YES;
				CLANG_ENABLE_OBJC_WEAK = YES;
				CLANG_WARN_BLOCK_CAPTURE_AUTORELEASING = YES;
				CLANG_WARN_BOOL_CONVERSION = YES;
				CLANG_WARN_COMMA = YES;
				CLANG_WARN_CONSTANT_CONVERSION = YES;
				CLANG_WARN_DEPRECATED_OBJC_IMPLEMENTATIONS = YES;
				CLANG_WARN_DIRECT_OBJC_ISA_USAGE = YES_ERROR;
				CLANG_WARN_DOCUMENTATION_COMMENTS = YES;
				CLANG_WARN_EMPTY_BODY = YES;
				CLANG_WARN_ENUM_CONVERSION = YES;
				CLANG_WARN_INFINITE_RECURSION = YES;
				CLANG_WARN_INT_CONVERSION = YES;
				CLANG_WARN_NON_LITERAL_NULL_CONVERSION = YES;
				CLANG_WARN_OBJC_IMPLICIT_RETAIN_SELF = YES;
				CLANG_WARN_OBJC_LITERAL_CONVERSION = YES;
				CLANG_WARN_OBJC_ROOT_CLASS = YES_ERROR;
				CLANG_WARN_QUOTED_INCLUDE_IN_FRAMEWORK_HEADER = YES;
				CLANG_WARN_RANGE_LOOP_ANALYSIS = YES;
				CLANG_WARN_STRICT_PROTOTYPES = YES;
				CLANG_WARN_SUSPICIOUS_MOVE = YES;
				CLANG_WARN_UNGUARDED_AVAILABILITY = YES_AGGRESSIVE;
				CLANG_WARN_UNREACHABLE_CODE = YES;
				CLANG_WARN__DUPLICATE_METHOD_MATCH = YES;
				COPY_PHASE_STRIP = NO;
				DEBUG_INFORMATION_FORMAT = "dwarf-with-dsym";
				DEVELOPMENT_TEAM = 3VX4227D6V;
				ENABLE_NS_ASSERTIONS = NO;
				ENABLE_STRICT_OBJC_MSGSEND = YES;
				ENABLE_USER_SCRIPT_SANDBOXING = YES;
				GCC_C_LANGUAGE_STANDARD = gnu17;
				GCC_NO_COMMON_BLOCKS = YES;
				GCC_WARN_64_TO_32_BIT_CONVERSION = YES;
				GCC_WARN_ABOUT_RETURN_TYPE = YES_ERROR;
				GCC_WARN_UNDECLARED_SELECTOR = YES;
				GCC_WARN_UNINITIALIZED_AUTOS = YES_AGGRESSIVE;
				GCC_WARN_UNUSED_FUNCTION = YES;
				GCC_WARN_UNUSED_VARIABLE = YES;
				IPHONEOS_DEPLOYMENT_TARGET = 16.0;
				LOCALIZATION_PREFERS_STRING_CATALOGS = YES;
				MTL_ENABLE_DEBUG_INFO = NO;
				MTL_FAST_MATH = YES;
				SDKROOT = iphoneos;
				SWIFT_COMPILATION_MODE = wholemodule;
				VALIDATE_PRODUCT = YES;
			};
			name = Release;
		};
		6AF84F882EC1C1C8005C2A82 /* Debug */ = {
			isa = XCBuildConfiguration;
			buildSettings = {
				ASSETCATALOG_COMPILER_APPICON_NAME = AppIcon;
				ASSETCATALOG_COMPILER_GLOBAL_ACCENT_COLOR_NAME = AccentColor;
				CODE_SIGN_ENTITLEMENTS = "health-stack/health-stack.entitlements";
				CODE_SIGN_STYLE = Automatic;
				CURRENT_PROJECT_VERSION = 1;
				DEVELOPMENT_TEAM = 3VX4227D6V;
				ENABLE_PREVIEWS = YES;
				GENERATE_INFOPLIST_FILE = YES;
				INFOPLIST_FILE = "health-stack/Info.plist";
				INFOPLIST_KEY_NSHealthShareUsageDescription = "This app needs access to your health data to sync it with your configured gateway for analysis and monitoring.";
				INFOPLIST_KEY_NSHealthUpdateUsageDescription = "This app may update your health data based on sync operations.";
				INFOPLIST_KEY_UIApplicationSceneManifest_Generation = YES;
				INFOPLIST_KEY_UIApplicationSupportsIndirectInputEvents = YES;
				INFOPLIST_KEY_UIBackgroundModes = "fetch processing";
				INFOPLIST_KEY_UILaunchScreen_Generation = YES;
				INFOPLIST_KEY_UISupportedInterfaceOrientations_iPad = "UIInterfaceOrientationPortrait UIInterfaceOrientationPortraitUpsideDown UIInterfaceOrientationLandscapeLeft UIInterfaceOrientationLandscapeRight";
				INFOPLIST_KEY_UISupportedInterfaceOrientations_iPhone = "UIInterfaceOrientationPortrait UIInterfaceOrientationLandscapeLeft UIInterfaceOrientationLandscapeRight";
				IPHONEOS_DEPLOYMENT_TARGET = 16.0;
				LD_RUNPATH_SEARCH_PATHS = (
					"$(inherited)",
					"@executable_path/Frameworks",
				);
				MARKETING_VERSION = 1.0;
				PRODUCT_BUNDLE_IDENTIFIER = "sychoi.health-stack";
				PRODUCT_NAME = "$(TARGET_NAME)";
				STRING_CATALOG_GENERATE_SYMBOLS = YES;
				SWIFT_APPROACHABLE_CONCURRENCY = YES;
				SWIFT_DEFAULT_ACTOR_ISOLATION = MainActor;
				SWIFT_EMIT_LOC_STRINGS = YES;
				SWIFT_UPCOMING_FEATURE_MEMBER_IMPORT_VISIBILITY = YES;
				SWIFT_VERSION = 5.0;
				TARGETED_DEVICE_FAMILY = "1,2";
			};
			name = Debug;
		};
		6AF84F892EC1C1C8005C2A82 /* Release */ = {
			isa = XCBuildConfiguration;
			buildSettings = {
				ASSETCATALOG_COMPILER_APPICON_NAME = AppIcon;
				ASSETCATALOG_COMPILER_GLOBAL_ACCENT_COLOR_NAME = AccentColor;
				CODE_SIGN_ENTITLEMENTS = "health-stack/health-stack.entitlements";
				CODE_SIGN_STYLE = Automatic;
				CURRENT_PROJECT_VERSION = 1;
				DEVELOPMENT_TEAM = 3VX4227D6V;
				ENABLE_PREVIEWS = YES;
				GENERATE_INFOPLIST_FILE = YES;
				INFOPLIST_FILE = "health-stack/Info.plist";
				INFOPLIST_KEY_NSHealthShareUsageDescription = "This app needs access to your health data to sync it with your configured gateway for analysis and monitoring.";
				INFOPLIST_KEY_NSHealthUpdateUsageDescription = "This app may update your health data based on sync operations.";
				INFOPLIST_KEY_UIApplicationSceneManifest_Generation = YES;
				INFOPLIST_KEY_UIApplicationSupportsIndirectInputEvents = YES;
				INFOPLIST_KEY_UIBackgroundModes = "fetch processing";
				INFOPLIST_KEY_UILaunchScreen_Generation = YES;
				INFOPLIST_KEY_UISupportedInterfaceOrientations_iPad = "UIInterfaceOrientationPortrait UIInterfaceOrientationPortraitUpsideDown UIInterfaceOrientationLandscapeLeft UIInterfaceOrientationLandscapeRight";
				INFOPLIST_KEY_UISupportedInterfaceOrientations_iPhone = "UIInterfaceOrientationPortrait UIInterfaceOrientationLandscapeLeft UIInterfaceOrientationLandscapeRight";
				IPHONEOS_DEPLOYMENT_TARGET = 16.0;
				LD_RUNPATH_SEARCH_PATHS = (
					"$(inherited)",
					"@executable_path/Frameworks",
				);
				MARKETING_VERSION = 1.0;
				PRODUCT_BUNDLE_IDENTIFIER = "sychoi.health-stack";
				PRODUCT_NAME = "$(TARGET_NAME)";
				STRING_CATALOG_GENERATE_SYMBOLS = YES;
				SWIFT_APPROACHABLE_CONCURRENCY = YES;
				SWIFT_DEFAULT_ACTOR_ISOLATION = MainActor;
				SWIFT_EMIT_LOC_STRINGS = YES;
				SWIFT_UPCOMING_FEATURE_MEMBER_IMPORT_VISIBILITY = YES;
				SWIFT_VERSION = 5.0;
				TARGETED_DEVICE_FAMILY = "1,2";
			};
			name = Release;
		};
		6AF84F8B2EC1C1C8005C2A82 /* Debug */ = {
			isa = XCBuildConfiguration;
			buildSettings = {
				BUNDLE_LOADER = "$(TEST_HOST)";
				CODE_SIGN_STYLE = Automatic;
				CURRENT_PROJECT_VERSION = 1;
				DEVELOPMENT_TEAM = 3VX4227D6V;
				GENERATE_INFOPLIST_FILE = YES;
				IPHONEOS_DEPLOYMENT_TARGET = 16.0;
				MARKETING_VERSION = 1.0;
				PRODUCT_BUNDLE_IDENTIFIER = "sychoi.health-stackTests";
				PRODUCT_NAME = "$(TARGET_NAME)";
				STRING_CATALOG_GENERATE_SYMBOLS = NO;
				SWIFT_APPROACHABLE_CONCURRENCY = YES;
				SWIFT_EMIT_LOC_STRINGS = NO;
				SWIFT_UPCOMING_FEATURE_MEMBER_IMPORT_VISIBILITY = YES;
				SWIFT_VERSION = 5.0;
				TARGETED_DEVICE_FAMILY = "1,2";
				TEST_HOST = "$(BUILT_PRODUCTS_DIR)/health-stack.app/$(BUNDLE_EXECUTABLE_FOLDER_PATH)/health-stack";
			};
			name = Debug;
		};
		6AF84F8C2EC1C1C8005C2A82 /* Release */ = {
			isa = XCBuildConfiguration;
			buildSettings = {
				BUNDLE_LOADER = "$(TEST_HOST)";
				CODE_SIGN_STYLE = Automatic;
				CURRENT_PROJECT_VERSION = 1;
				DEVELOPMENT_TEAM = 3VX4227D6V;
				GENERATE_INFOPLIST_FILE = YES;
				IPHONEOS_DEPLOYMENT_TARGET = 16.0;
				MARKETING_VERSION = 1.0;
				PRODUCT_BUNDLE_IDENTIFIER = "sychoi.health-stackTests";
				PRODUCT_NAME = "$(TARGET_NAME)";
				STRING_CATALOG_GENERATE_SYMBOLS = NO;
				SWIFT_APPROACHABLE_CONCURRENCY = YES;
				SWIFT_EMIT_LOC_STRINGS = NO;
				SWIFT_UPCOMING_FEATURE_MEMBER_IMPORT_VISIBILITY = YES;
				SWIFT_VERSION = 5.0;
				TARGETED_DEVICE_FAMILY = "1,2";
				TEST_HOST = "$(BUILT_PRODUCTS_DIR)/health-stack.app/$(BUNDLE_EXECUTABLE_FOLDER_PATH)/health-stack";
			};
			name = Release;
		};
		6AF84F8E2EC1C1C8005C2A82 /* Debug */ = {
			isa = XCBuildConfiguration;
			buildSettings = {
				CODE_SIGN_STYLE = Automatic;
				CURRENT_PROJECT_VERSION = 1;
				DEVELOPMENT_TEAM = 3VX4227D6V;
				GENERATE_INFOPLIST_FILE = YES;
				MARKETING_VERSION = 1.0;
				PRODUCT_BUNDLE_IDENTIFIER = "sychoi.health-stackUITests";
				PRODUCT_NAME = "$(TARGET_NAME)";
				STRING_CATALOG_GENERATE_SYMBOLS = NO;
				SWIFT_APPROACHABLE_CONCURRENCY = YES;
				SWIFT_EMIT_LOC_STRINGS = NO;
				SWIFT_UPCOMING_FEATURE_MEMBER_IMPORT_VISIBILITY = YES;
				SWIFT_VERSION = 5.0;
				TARGETED_DEVICE_FAMILY = "1,2";
				TEST_TARGET_NAME = "health-stack";
			};
			name = Debug;
		};
		6AF84F8F2EC1C1C8005C2A82 /* Release */ = {
			isa = XCBuildConfiguration;
			buildSettings = {
				CODE_SIGN_STYLE = Automatic;
				CURRENT_PROJECT_VERSION = 1;
				DEVELOPMENT_TEAM = 3VX4227D6V;
				GENERATE_INFOPLIST_FILE = YES;
				MARKETING_VERSION = 1.0;
				PRODUCT_BUNDLE_IDENTIFIER = "sychoi.health-stackUITests";
				PRODUCT_NAME = "$(TARGET_NAME)";
				STRING_CATALOG_GENERATE_SYMBOLS = NO;
				SWIFT_APPROACHABLE_CONCURRENCY = YES;
				SWIFT_EMIT_LOC_STRINGS = NO;
				SWIFT_UPCOMING_FEATURE_MEMBER_IMPORT_VISIBILITY = YES;
				SWIFT_VERSION = 5.0;
				TARGETED_DEVICE_FAMILY = "1,2";
				TEST_TARGET_NAME = "health-stack";
			};
			name = Release;
		};
/* End XCBuildConfiguration section */

/* Begin XCConfigurationList section */
		6AF84F612EC1C1C6005C2A82 /* Build configuration list for PBXProject "health-stack" */ = {
			isa = XCConfigurationList;
			buildConfigurations = (
				6AF84F852EC1C1C8005C2A82 /* Debug */,
				6AF84F862EC1C1C8005C2A82 /* Release */,
			);
			defaultConfigurationIsVisible = 0;
			defaultConfigurationName = Release;
		};
		6AF84F872EC1C1C8005C2A82 /* Build configuration list for PBXNativeTarget "health-stack" */ = {
			isa = XCConfigurationList;
			buildConfigurations = (
				6AF84F882EC1C1C8005C2A82 /* Debug */,
				6AF84F892EC1C1C8005C2A82 /* Release */,
			);
			defaultConfigurationIsVisible = 0;
			defaultConfigurationName = Release;
		};
		6AF84F8A2EC1C1C8005C2A82 /* Build configuration list for PBXNativeTarget "health-stackTests" */ = {
			isa = XCConfigurationList;
			buildConfigurations = (
				6AF84F8B2EC1C1C8005C2A82 /* Debug */,
				6AF84F8C2EC1C1C8005C2A82 /* Release */,
			);
			defaultConfigurationIsVisible = 0;
			defaultConfigurationName = Release;
		};
		6AF84F8D2EC1C1C8005C2A82 /* Build configuration list for PBXNativeTarget "health-stackUITests" */ = {
			isa = XCConfigurationList;
			buildConfigurations = (
				6AF84F8E2EC1C1C8005C2A82 /* Debug */,
				6AF84F8F2EC1C1C8005C2A82 /* Release */,
			);
			defaultConfigurationIsVisible = 0;
			defaultConfigurationName = Release;
		};
/* End XCConfigurationList section */
	};
	rootObject = 6AF84F5E2EC1C1C6005C2A82 /* Project object */;
}
